
Microsoft Visual Studio Solution File, Format Version 9.00
# Visual Studio 2005
Project("{8BC9CEB8-8B4A-11D0-8D11-00A0C91BC942}") = "stubs", "STUBS.vcproj", "{FD83089F-1BF6-455F-9BEA-BB1C21FC137C}"
EndProject
Project("{8BC9CEB8-8B4A-11D0-8D11-00A0C91BC942}") = "LAMMPS-stdandard", "LAMMPS-std.vcproj", "{56FA6262-F9C1-4FB5-A684-2DC631E91591}"
EndProject
Project("{8BC9CEB8-8B4A-11D0-8D11-00A0C91BC942}") = "LAMMPS-default", "LAMMPS.vcproj", "{B11BF870-BC44-4A87-9938-94D33EB5E219}"
EndProject
Project("{8BC9CEB8-8B4A-11D0-8D11-00A0C91BC942}") = "LAMMPS-std-user", "LAMMPS-std-user.vcproj", "{0D805535-F87A-4E1F-AA3D-F00462E9F222}"
EndProject
Global
	GlobalSection(SolutionConfigurationPlatforms) = preSolution
		Debug_STUBS|Win32 = Debug_STUBS|Win32
		Debug|Win32 = Debug|Win32
		Release_STUBS|Win32 = Release_STUBS|Win32
		Release|Win32 = Release|Win32
	EndGlobalSection
	GlobalSection(ProjectConfigurationPlatforms) = postSolution
		{FD83089F-1BF6-455F-9BEA-BB1C21FC137C}.Debug_STUBS|Win32.ActiveCfg = Debug_STUBS|Win32
		{FD83089F-1BF6-455F-9BEA-BB1C21FC137C}.Debug_STUBS|Win32.Build.0 = Debug_STUBS|Win32
		{FD83089F-1BF6-455F-9BEA-BB1C21FC137C}.Debug|Win32.ActiveCfg = Debug_STUBS|Win32
		{FD83089F-1BF6-455F-9BEA-BB1C21FC137C}.Debug|Win32.Build.0 = Debug_STUBS|Win32
		{FD83089F-1BF6-455F-9BEA-BB1C21FC137C}.Release_STUBS|Win32.ActiveCfg = Release_STUBS|Win32
		{FD83089F-1BF6-455F-9BEA-BB1C21FC137C}.Release_STUBS|Win32.Build.0 = Release_STUBS|Win32
		{FD83089F-1BF6-455F-9BEA-BB1C21FC137C}.Release|Win32.ActiveCfg = Release_STUBS|Win32
		{FD83089F-1BF6-455F-9BEA-BB1C21FC137C}.Release|Win32.Build.0 = Release_STUBS|Win32
		{56FA6262-F9C1-4FB5-A684-2DC631E91591}.Debug_STUBS|Win32.ActiveCfg = Debug_STUBS|Win32
		{56FA6262-F9C1-4FB5-A684-2DC631E91591}.Debug_STUBS|Win32.Build.0 = Debug_STUBS|Win32
		{56FA6262-F9C1-4FB5-A684-2DC631E91591}.Debug|Win32.ActiveCfg = Debug|Win32
		{56FA6262-F9C1-4FB5-A684-2DC631E91591}.Debug|Win32.Build.0 = Debug|Win32
		{56FA6262-F9C1-4FB5-A684-2DC631E91591}.Release_STUBS|Win32.ActiveCfg = Release_STUBS|Win32
		{56FA6262-F9C1-4FB5-A684-2DC631E91591}.Release_STUBS|Win32.Build.0 = Release_STUBS|Win32
		{56FA6262-F9C1-4FB5-A684-2DC631E91591}.Release|Win32.ActiveCfg = Release|Win32
		{56FA6262-F9C1-4FB5-A684-2DC631E91591}.Release|Win32.Build.0 = Release|Win32
		{B11BF870-BC44-4A87-9938-94D33EB5E219}.Debug_STUBS|Win32.ActiveCfg = Debug_STUBS|Win32
		{B11BF870-BC44-4A87-9938-94D33EB5E219}.Debug_STUBS|Win32.Build.0 = Debug_STUBS|Win32
		{B11BF870-BC44-4A87-9938-94D33EB5E219}.Debug|Win32.ActiveCfg = Debug|Win32
		{B11BF870-BC44-4A87-9938-94D33EB5E219}.Debug|Win32.Build.0 = Debug|Win32
		{B11BF870-BC44-4A87-9938-94D33EB5E219}.Release_STUBS|Win32.ActiveCfg = Release_STUBS|Win32
		{B11BF870-BC44-4A87-9938-94D33EB5E219}.Release_STUBS|Win32.Build.0 = Release_STUBS|Win32
		{B11BF870-BC44-4A87-9938-94D33EB5E219}.Release|Win32.ActiveCfg = Release|Win32
		{B11BF870-BC44-4A87-9938-94D33EB5E219}.Release|Win32.Build.0 = Release|Win32
		{0D805535-F87A-4E1F-AA3D-F00462E9F222}.Debug_STUBS|Win32.ActiveCfg = Debug_STUBS|Win32
		{0D805535-F87A-4E1F-AA3D-F00462E9F222}.Debug_STUBS|Win32.Build.0 = Debug_STUBS|Win32
		{0D805535-F87A-4E1F-AA3D-F00462E9F222}.Debug|Win32.ActiveCfg = Debug|Win32
		{0D805535-F87A-4E1F-AA3D-F00462E9F222}.Debug|Win32.Build.0 = Debug|Win32
		{0D805535-F87A-4E1F-AA3D-F00462E9F222}.Release_STUBS|Win32.ActiveCfg = Release_STUBS|Win32
		{0D805535-F87A-4E1F-AA3D-F00462E9F222}.Release_STUBS|Win32.Build.0 = Release_STUBS|Win32
		{0D805535-F87A-4E1F-AA3D-F00462E9F222}.Release|Win32.ActiveCfg = Release|Win32
		{0D805535-F87A-4E1F-AA3D-F00462E9F222}.Release|Win32.Build.0 = Release|Win32
	EndGlobalSection
	GlobalSection(SolutionProperties) = preSolution
		HideSolutionNode = FALSE
	EndGlobalSection
EndGlobal
